dependencies:
- name: redis-ha
  repository: https://kubernetes-charts.storage.googleapis.com
  version: 3.0.1
- name: traefik
  repository: https://kubernetes-charts.storage.googleapis.com
  version: 1.52.6
digest: sha256:3f0efea1b4901c9f9d9fdf6a66a23b0772dc1fb1bb980bc2d448b90cf1f1ac2f
generated: 2018-11-19T16:50:15.0141759Z
